github.com/davecgh/go-spew v1.1.0/go.mod h1:J7Y8YcW2NihsgmVo/mv3lAwl/skON4iLHjSsI+c5H38=
github.com/davecgh/go-spew v1.1.1 h1:vj9j/u1bqnvCEfJOwUhtlOARqs3+rkHYY13jYWTU97c=
github.com/davecgh/go-spew v1.1.1/go.mod h1:J7Y8YcW2NihsgmVo/mv3lAwl/skON4iLHjSsI+c5H38=
github.com/go-sql-driver/mysql v1.7.0 h1:ueSltNNllEqE3qcWBTD0iQd3IpL/6U+mJxLkazJ7YPc=
github.com/go-sql-driver/mysql v1.7.0/go.mod h1:OXbVy3sEdcQ2Doequ6Z5BW6fXNQTmx+9S1MCJN5yJMI=
github.com/kamalshkeir/kenv v1.0.0 h1:24lXKJyDSnkBWSGnLPEjWwfyrmpNWBiYg81ZPs8eKYg=
github.com/kamalshkeir/kenv v1.0.0/go.mod h1:jiyB8q/OhIMrMzrrSnqxSYAYoWxI0tiiIZU2pzucr/A=
github.com/kamalshkeir/kinput v0.1.0 h1:mSGQoEE3lpxRN2azpXR2PulWHMNEvJeQVAXbqDfL0uw=
github.com/kamalshkeir/kinput v0.1.0/go.mod h1:8eh2u/btMpxfx8w+7XoG/FIrtNr0jG0I0SL/ENTh6uQ=
github.com/kamalshkeir/klog v1.0.0 h1:xZbYuYlDsEG5gfHPGNVms7wQmUFJCV0Uo2pwwaJBbws=
github.com/kamalshkeir/klog v1.0.0/go.mod h1:Plp8wNXIbDTSgJmVOF/GiUftKihGqL6jvRAXPclbmV8=
github.com/kamalshkeir/kmap v1.0.3 h1:UUhU3vHHPHgzvmRCoEHaNSgpEiKt5+Dh7VsIV3zkMJg=
github.com/kamalshkeir/kmap v1.0.3/go.mod h1:79FSu6AMNitrvpdc5/IiUCDAdaEi+RfPeEWJU6tjRB0=
github.com/kamalshkeir/kmux v1.6.0 h1:NVoOZUlMGmsnfipoXPwtGj4vSwy/3PVBeQijVARoB10=
github.com/kamalshkeir/kmux v1.6.0/go.mod h1:ftgmjI2SvSWuJltOHUwJeRZKItzuYVgSvtkt9IRhkAY=
github.com/kamalshkeir/korm v0.4.0 h1:h8d5QaYgnY7uj++XpQMLzWQvhiAMwKr3mKnpaLIAXqw=
github.com/kamalshkeir/korm v0.4.0/go.mod h1:6Cpox9zN2IP1uiyL1IvbCZ/EZaw8ADtajjNshPl7sjs=
github.com/kamalshkeir/korm v1.0.0 h1:YwuSev0SmOGPqIfBS1XtLhSQZ4vYmkS1AjHvBHW7oNY=
github.com/kamalshkeir/korm v1.0.0/go.mod h1:W4HWHg6vNO+N85D4BSj7v+E1gKunCOap6eEseQysQH4=
github.com/kamalshkeir/korm v1.0.1 h1:MZ8GqiaLsLROjecqdqB02tLHIi8u2rSP+yeLYAC9JwU=
github.com/kamalshkeir/korm v1.0.1/go.mod h1:W4HWHg6vNO+N85D4BSj7v+E1gKunCOap6eEseQysQH4=
github.com/kamalshkeir/ksbus v0.7.2 h1:6qJ42iwTJiK0TjP20vHx86BRzjn/6aIwGVZ7p8T2F8s=
github.com/kamalshkeir/ksbus v0.7.2/go.mod h1:q0opuUTRacYfJ3xZMKym3AmscMzk8/oqC0oQydFZrQQ=
github.com/kamalshkeir/kstrct v1.1.6 h1:DgvSEPev6UUMgewUFILLKAguaQ/WfRMXlHIGIsgIZ20=
github.com/kamalshkeir/kstrct v1.1.6/go.mod h1:WdZ0uujSnBI6JNvxWe+Iu2x9E0O9FLVKGBfqYkvVXPY=
github.com/kamalshkeir/kstrct v1.1.8 h1:G16v5grS2v8806ImBp9r2vYKZf+v0irtU+Ndqeu4qMY=
github.com/kamalshkeir/kstrct v1.1.8/go.mod h1:WdZ0uujSnBI6JNvxWe+Iu2x9E0O9FLVKGBfqYkvVXPY=
github.com/kamalshkeir/kutils v1.0.0 h1:09o20l9sz3uErsugx4MuzWvPoK7tJ8Ry5x6Y2mhBShQ=
github.com/kamalshkeir/kutils v1.0.0/go.mod h1:wsbGgTmVz5t96npofdQ990ZUITlKHweWx2TqxFRv5Ck=
github.com/kamalshkeir/mysqldriver v1.0.0 h1:5nhTQh9uR3lOcqgD6mcwzVb/hS2C3NdZELdMsKyDJvo=
github.com/kamalshkeir/mysqldriver v1.0.0/go.mod h1:pvqws6pbz6xzKTznOslZj6M/n+gaJnEVndoZcI0mH8o=
github.com/labstack/echo/v4 v4.9.1 h1:GliPYSpzGKlyOhqIbG8nmHBo3i1saKWFOgh41AN3b+Y=
github.com/labstack/echo/v4 v4.9.1/go.mod h1:Pop5HLc+xoc4qhTZ1ip6C0RtP7Z+4VzRLWZZFKqbbjo=
github.com/labstack/gommon v0.4.0 h1:y7cvthEAEbU0yHOf4axH8ZG2NH8knB9iNSoTO8dyIk8=
github.com/labstack/gommon v0.4.0/go.mod h1:uW6kP17uPlLJsD3ijUYn3/M5bAxtlZhMI6m3MFxTMTM=
github.com/mattn/go-colorable v0.1.11 h1:nQ+aFkoE2TMGc0b68U2OKSexC+eq46+XwZzWXHRmPYs=
github.com/mattn/go-colorable v0.1.11/go.mod h1:u5H1YNBxpqRaxsYJYSkiCWKzEfiAb1Gb520KVy5xxl4=
github.com/mattn/go-isatty v0.0.14/go.mod h1:7GGIvUiUoEMVVmxf/4nioHXj79iQHKdU27kJ6hsGG94=
github.com/mattn/go-isatty v0.0.16 h1:bq3VjFmv/sOjHtdEhmkEV4x1AJtvUvOJ2PFAZ5+peKQ=
github.com/mattn/go-isatty v0.0.16/go.mod h1:kYGgaQfpe5nmfYZH+SKPsOc2e4SrIfOl2e/yFXSvRLM=
github.com/pmezard/go-difflib v1.0.0 h1:4DBwDE0NGyQoBHbLQYPwSUPoCMWR5BEzIk/f1lZbAQM=
github.com/pmezard/go-difflib v1.0.0/go.mod h1:iKH77koFhYxTK1pcRnkKkqfTogsbg7gZNVY4sRDYZ/4=
github.com/stretchr/objx v0.1.0/go.mod h1:HFkY916IF+rwdDfMAkV7OtwuqBVzrE8GR6GFx+wExME=
github.com/stretchr/testify v1.7.0 h1:nwc3DEeHmmLAfoZucVR881uASk0Mfjw8xYJ99tb5CcY=
github.com/stretchr/testify v1.7.0/go.mod h1:6Fq8oRcR53rry900zMqJjRRixrwX3KX962/h/Wwjteg=
github.com/valyala/bytebufferpool v1.0.0 h1:GqA5TC/0021Y/b9FG4Oi9Mr3q7XYx6KllzawFIhcdPw=
github.com/valyala/bytebufferpool v1.0.0/go.mod h1:6bBcMArwyJ5K/AmCkWv1jt77kVWyCJ6HpOuEn7z0Csc=
github.com/valyala/fasttemplate v1.2.1 h1:TVEnxayobAdVkhQfrfes2IzOB6o+z4roRkPF52WA1u4=
github.com/valyala/fasttemplate v1.2.1/go.mod h1:KHLXt3tVN2HBp8eijSv/kGJopbvo7S+qRAEEKiv+SiQ=
golang.org/x/crypto v0.4.0 h1:UVQgzMY87xqpKNgb+kDsll2Igd33HszWHFLmpaRMq/8=
golang.org/x/crypto v0.4.0/go.mod h1:3quD/ATkf6oY+rnes5c3ExXTbLc8mueNue5/DoinL80=
golang.org/x/net v0.4.0 h1:Q5QPcMlvfxFTAPV0+07Xz/MpK9NTXu2VDUuy0FeMfaU=
golang.org/x/net v0.4.0/go.mod h1:MBQ8lrhLObU/6UmLb4fmbmk5OcyYmqtbGd/9yIeKjEE=
golang.org/x/sys v0.0.0-20210630005230-0f9fa26af87c/go.mod h1:oPkhp1MJrh7nUepCBck5+mAzfO9JrbApNNgaTdGDITg=
golang.org/x/sys v0.0.0-20210927094055-39ccf1dd6fa6/go.mod h1:oPkhp1MJrh7nUepCBck5+mAzfO9JrbApNNgaTdGDITg=
golang.org/x/sys v0.0.0-20211103235746-7861aae1554b/go.mod h1:oPkhp1MJrh7nUepCBck5+mAzfO9JrbApNNgaTdGDITg=
golang.org/x/sys v0.0.0-20220811171246-fbc7d0a398ab/go.mod h1:oPkhp1MJrh7nUepCBck5+mAzfO9JrbApNNgaTdGDITg=
golang.org/x/sys v0.3.0 h1:w8ZOecv6NaNa/zC8944JTU3vz4u6Lagfk4RPQxv92NQ=
golang.org/x/sys v0.3.0/go.mod h1:oPkhp1MJrh7nUepCBck5+mAzfO9JrbApNNgaTdGDITg=
golang.org/x/term v0.3.0 h1:qoo4akIqOcDME5bhc/NgxUdovd6BSS2uMsVjB56q1xI=
golang.org/x/term v0.3.0/go.mod h1:q750SLmJuPmVoN1blW3UFBPREJfb1KmY3vwxfr+nFDA=
golang.org/x/text v0.5.0 h1:OLmvp0KP+FVG99Ct/qFiL/Fhk4zp4QQnZ7b2U+5piUM=
golang.org/x/text v0.5.0/go.mod h1:mrYo+phRRbMaCq/xk9113O4dZlRixOauAjOtrjsXDZ8=
golang.org/x/time v0.3.0 h1:rg5rLMjNzMS1RkNLzCG38eapWhnYLFYXDXj2gOlr8j4=
golang.org/x/time v0.3.0/go.mod h1:tRJNPiyCQ0inRvYxbN9jk5I+vvW/OXSQhTDSoE431IQ=
gopkg.in/check.v1 v0.0.0-20161208181325-20d25e280405/go.mod h1:Co6ibVJAznAaIkqp8huTwlJQCZ016jof/cbN4VW5Yz0=
gopkg.in/yaml.v3 v3.0.0-20200313102051-9f266ea9e77c/go.mod h1:K4uyk7z7BCEPqu6E+C64Yfv1cQ7kz7rIZviUmN+EgEM=
gopkg.in/yaml.v3 v3.0.0-20210107192922-496545a6307b/go.mod h1:K4uyk7z7BCEPqu6E+C64Yfv1cQ7kz7rIZviUmN+EgEM=
gopkg.in/yaml.v3 v3.0.1 h1:fxVm/GzAzEWqLHuvctI91KS9hhNmmWOoWu0XTYJS7CA=
gopkg.in/yaml.v3 v3.0.1/go.mod h1:K4uyk7z7BCEPqu6E+C64Yfv1cQ7kz7rIZviUmN+EgEM=
